
Microsoft Visual Studio Solution File, Format Version 12.00
# Visual Studio Version 17
VisualStudioVersion = 17.9.34728.123
MinimumVisualStudioVersion = 10.0.40219.1
Project("{FAE04EC0-301F-11D3-BF4B-00C04F79EFBC}") = "Campeonato", "Campeonato\Campeonato.csproj", "{C42DC626-A015-4588-9376-5270E7733297}"
EndProject
Global
	GlobalSection(SolutionConfigurationPlatforms) = preSolution
		Debug|Any CPU = Debug|Any CPU
		Release|Any CPU = Release|Any CPU
	EndGlobalSection
	GlobalSection(ProjectConfigurationPlatforms) = postSolution
		{C42DC626-A015-4588-9376-5270E7733297}.Debug|Any CPU.ActiveCfg = Debug|Any CPU
		{C42DC626-A015-4588-9376-5270E7733297}.Debug|Any CPU.Build.0 = Debug|Any CPU
		{C42DC626-A015-4588-9376-5270E7733297}.Release|Any CPU.ActiveCfg = Release|Any CPU
		{C42DC626-A015-4588-9376-5270E7733297}.Release|Any CPU.Build.0 = Release|Any CPU
	EndGlobalSection
	GlobalSection(SolutionProperties) = preSolution
		HideSolutionNode = FALSE
	EndGlobalSection
	GlobalSection(ExtensibilityGlobals) = postSolution
		SolutionGuid = {78984DF7-A005-4515-94EA-4547A1F7335E}
	EndGlobalSection
EndGlobal
